
Microsoft Visual Studio Solution File, Format Version 12.00
# Visual Studio Version 17
VisualStudioVersion = 17.0.31903.59
MinimumVisualStudioVersion = 10.0.40219.1
Project("{2150E333-8FDC-42A3-9474-1A3956D46DE8}") = "Backend", "Backend", "{1AE8ACA6-933B-BF2A-3671-3E2EAC007D16}"
EndProject
Project("{FAE04EC0-301F-11D3-BF4B-00C04F79EFBC}") = "SalesOrderApp.API", "Backend\SalesOrderApp.API\SalesOrderApp.API.csproj", "{CFB7DDA5-7881-485C-A31C-1BE55B3A4AD9}"
EndProject
Project("{FAE04EC0-301F-11D3-BF4B-00C04F79EFBC}") = "SalesOrderApp.Domain", "Backend\SalesOrderApp.Domain\SalesOrderApp.Domain.csproj", "{3D5B10D1-6157-4C9E-BBEF-60B9E5C43FCE}"
EndProject
Project("{FAE04EC0-301F-11D3-BF4B-00C04F79EFBC}") = "SalesOrderApp.Application", "Backend\SalesOrderApp.Application\SalesOrderApp.Application.csproj", "{9508FA19-8705-4BAC-9DCF-E85439F8D797}"
EndProject
Project("{FAE04EC0-301F-11D3-BF4B-00C04F79EFBC}") = "SalesOrderApp.Infrastructure", "Backend\SalesOrderApp.Infrastructure\SalesOrderApp.Infrastructure.csproj", "{03547D0C-0060-4580-AB35-FD95CB35EA0F}"
EndProject
Global
	GlobalSection(SolutionConfigurationPlatforms) = preSolution
		Debug|Any CPU = Debug|Any CPU
		Debug|x64 = Debug|x64
		Debug|x86 = Debug|x86
		Release|Any CPU = Release|Any CPU
		Release|x64 = Release|x64
		Release|x86 = Release|x86
	EndGlobalSection
	GlobalSection(ProjectConfigurationPlatforms) = postSolution
		{CFB7DDA5-7881-485C-A31C-1BE55B3A4AD9}.Debug|Any CPU.ActiveCfg = Debug|Any CPU
		{CFB7DDA5-7881-485C-A31C-1BE55B3A4AD9}.Debug|Any CPU.Build.0 = Debug|Any CPU
		{CFB7DDA5-7881-485C-A31C-1BE55B3A4AD9}.Debug|x64.ActiveCfg = Debug|Any CPU
		{CFB7DDA5-7881-485C-A31C-1BE55B3A4AD9}.Debug|x64.Build.0 = Debug|Any CPU
		{CFB7DDA5-7881-485C-A31C-1BE55B3A4AD9}.Debug|x86.ActiveCfg = Debug|Any CPU
		{CFB7DDA5-7881-485C-A31C-1BE55B3A4AD9}.Debug|x86.Build.0 = Debug|Any CPU
		{CFB7DDA5-7881-485C-A31C-1BE55B3A4AD9}.Release|Any CPU.ActiveCfg = Release|Any CPU
		{CFB7DDA5-7881-485C-A31C-1BE55B3A4AD9}.Release|Any CPU.Build.0 = Release|Any CPU
		{CFB7DDA5-7881-485C-A31C-1BE55B3A4AD9}.Release|x64.ActiveCfg = Release|Any CPU
		{CFB7DDA5-7881-485C-A31C-1BE55B3A4AD9}.Release|x64.Build.0 = Release|Any CPU
		{CFB7DDA5-7881-485C-A31C-1BE55B3A4AD9}.Release|x86.ActiveCfg = Release|Any CPU
		{CFB7DDA5-7881-485C-A31C-1BE55B3A4AD9}.Release|x86.Build.0 = Release|Any CPU
		{3D5B10D1-6157-4C9E-BBEF-60B9E5C43FCE}.Debug|Any CPU.ActiveCfg = Debug|Any CPU
		{3D5B10D1-6157-4C9E-BBEF-60B9E5C43FCE}.Debug|Any CPU.Build.0 = Debug|Any CPU
		{3D5B10D1-6157-4C9E-BBEF-60B9E5C43FCE}.Debug|x64.ActiveCfg = Debug|Any CPU
		{3D5B10D1-6157-4C9E-BBEF-60B9E5C43FCE}.Debug|x64.Build.0 = Debug|Any CPU
		{3D5B10D1-6157-4C9E-BBEF-60B9E5C43FCE}.Debug|x86.ActiveCfg = Debug|Any CPU
		{3D5B10D1-6157-4C9E-BBEF-60B9E5C43FCE}.Debug|x86.Build.0 = Debug|Any CPU
		{3D5B10D1-6157-4C9E-BBEF-60B9E5C43FCE}.Release|Any CPU.ActiveCfg = Release|Any CPU
		{3D5B10D1-6157-4C9E-BBEF-60B9E5C43FCE}.Release|Any CPU.Build.0 = Release|Any CPU
		{3D5B10D1-6157-4C9E-BBEF-60B9E5C43FCE}.Release|x64.ActiveCfg = Release|Any CPU
		{3D5B10D1-6157-4C9E-BBEF-60B9E5C43FCE}.Release|x64.Build.0 = Release|Any CPU
		{3D5B10D1-6157-4C9E-BBEF-60B9E5C43FCE}.Release|x86.ActiveCfg = Release|Any CPU
		{3D5B10D1-6157-4C9E-BBEF-60B9E5C43FCE}.Release|x86.Build.0 = Release|Any CPU
		{9508FA19-8705-4BAC-9DCF-E85439F8D797}.Debug|Any CPU.ActiveCfg = Debug|Any CPU
		{9508FA19-8705-4BAC-9DCF-E85439F8D797}.Debug|Any CPU.Build.0 = Debug|Any CPU
		{9508FA19-8705-4BAC-9DCF-E85439F8D797}.Debug|x64.ActiveCfg = Debug|Any CPU
		{9508FA19-8705-4BAC-9DCF-E85439F8D797}.Debug|x64.Build.0 = Debug|Any CPU
		{9508FA19-8705-4BAC-9DCF-E85439F8D797}.Debug|x86.ActiveCfg = Debug|Any CPU
		{9508FA19-8705-4BAC-9DCF-E85439F8D797}.Debug|x86.Build.0 = Debug|Any CPU
		{9508FA19-8705-4BAC-9DCF-E85439F8D797}.Release|Any CPU.ActiveCfg = Release|Any CPU
		{9508FA19-8705-4BAC-9DCF-E85439F8D797}.Release|Any CPU.Build.0 = Release|Any CPU
		{9508FA19-8705-4BAC-9DCF-E85439F8D797}.Release|x64.ActiveCfg = Release|Any CPU
		{9508FA19-8705-4BAC-9DCF-E85439F8D797}.Release|x64.Build.0 = Release|Any CPU
		{9508FA19-8705-4BAC-9DCF-E85439F8D797}.Release|x86.ActiveCfg = Release|Any CPU
		{9508FA19-8705-4BAC-9DCF-E85439F8D797}.Release|x86.Build.0 = Release|Any CPU
		{03547D0C-0060-4580-AB35-FD95CB35EA0F}.Debug|Any CPU.ActiveCfg = Debug|Any CPU
		{03547D0C-0060-4580-AB35-FD95CB35EA0F}.Debug|Any CPU.Build.0 = Debug|Any CPU
		{03547D0C-0060-4580-AB35-FD95CB35EA0F}.Debug|x64.ActiveCfg = Debug|Any CPU
		{03547D0C-0060-4580-AB35-FD95CB35EA0F}.Debug|x64.Build.0 = Debug|Any CPU
		{03547D0C-0060-4580-AB35-FD95CB35EA0F}.Debug|x86.ActiveCfg = Debug|Any CPU
		{03547D0C-0060-4580-AB35-FD95CB35EA0F}.Debug|x86.Build.0 = Debug|Any CPU
		{03547D0C-0060-4580-AB35-FD95CB35EA0F}.Release|Any CPU.ActiveCfg = Release|Any CPU
		{03547D0C-0060-4580-AB35-FD95CB35EA0F}.Release|Any CPU.Build.0 = Release|Any CPU
		{03547D0C-0060-4580-AB35-FD95CB35EA0F}.Release|x64.ActiveCfg = Release|Any CPU
		{03547D0C-0060-4580-AB35-FD95CB35EA0F}.Release|x64.Build.0 = Release|Any CPU
		{03547D0C-0060-4580-AB35-FD95CB35EA0F}.Release|x86.ActiveCfg = Release|Any CPU
		{03547D0C-0060-4580-AB35-FD95CB35EA0F}.Release|x86.Build.0 = Release|Any CPU
	EndGlobalSection
	GlobalSection(SolutionProperties) = preSolution
		HideSolutionNode = FALSE
	EndGlobalSection
	GlobalSection(NestedProjects) = preSolution
		{CFB7DDA5-7881-485C-A31C-1BE55B3A4AD9} = {1AE8ACA6-933B-BF2A-3671-3E2EAC007D16}
		{3D5B10D1-6157-4C9E-BBEF-60B9E5C43FCE} = {1AE8ACA6-933B-BF2A-3671-3E2EAC007D16}
		{9508FA19-8705-4BAC-9DCF-E85439F8D797} = {1AE8ACA6-933B-BF2A-3671-3E2EAC007D16}
		{03547D0C-0060-4580-AB35-FD95CB35EA0F} = {1AE8ACA6-933B-BF2A-3671-3E2EAC007D16}
	EndGlobalSection
EndGlobal
